Microsoft Visual Studio Solution File, Format Version 12.00
# Visual Studio 2012
Project("{FAE04EC0-301F-11D3-BF4B-00C04F79EFBC}") = "CBU ACM Game Project SP26", "CBU ACM Game Project SP26.csproj", "{BD614002-D08D-4CA3-B18B-349D0D99375B}"
EndProject
Global
	GlobalSection(SolutionConfigurationPlatforms) = preSolution
	Debug|Any CPU = Debug|Any CPU
	ExportDebug|Any CPU = ExportDebug|Any CPU
	ExportRelease|Any CPU = ExportRelease|Any CPU
	EndGlobalSection
	GlobalSection(ProjectConfigurationPlatforms) = postSolution
		{BD614002-D08D-4CA3-B18B-349D0D99375B}.Debug|Any CPU.ActiveCfg = Debug|Any CPU
		{BD614002-D08D-4CA3-B18B-349D0D99375B}.Debug|Any CPU.Build.0 = Debug|Any CPU
		{BD614002-D08D-4CA3-B18B-349D0D99375B}.ExportDebug|Any CPU.ActiveCfg = ExportDebug|Any CPU
		{BD614002-D08D-4CA3-B18B-349D0D99375B}.ExportDebug|Any CPU.Build.0 = ExportDebug|Any CPU
		{BD614002-D08D-4CA3-B18B-349D0D99375B}.ExportRelease|Any CPU.ActiveCfg = ExportRelease|Any CPU
		{BD614002-D08D-4CA3-B18B-349D0D99375B}.ExportRelease|Any CPU.Build.0 = ExportRelease|Any CPU
	EndGlobalSection
EndGlobal
